
Microsoft Visual Studio Solution File, Format Version 12.00
# Visual Studio Version 16
VisualStudioVersion = 16.0.29911.84
MinimumVisualStudioVersion = 10.0.40219.1
Project("{888888A0-9F3D-457C-B088-3A5042F75D52}") = "Password Generator", "Password Generator.pyproj", "{A36F2442-EC49-49CC-AF3B-4BE7351E53B5}"
EndProject
Global
	GlobalSection(SolutionConfigurationPlatforms) = preSolution
		Debug|Any CPU = Debug|Any CPU
		Release|Any CPU = Release|Any CPU
	EndGlobalSection
	GlobalSection(ProjectConfigurationPlatforms) = postSolution
		{A36F2442-EC49-49CC-AF3B-4BE7351E53B5}.Debug|Any CPU.ActiveCfg = Debug|Any CPU
		{A36F2442-EC49-49CC-AF3B-4BE7351E53B5}.Release|Any CPU.ActiveCfg = Release|Any CPU
	EndGlobalSection
	GlobalSection(SolutionProperties) = preSolution
		HideSolutionNode = FALSE
	EndGlobalSection
	GlobalSection(ExtensibilityGlobals) = postSolution
		SolutionGuid = {554FAF4F-7074-43D1-A8B5-5B2D3B36A17A}
	EndGlobalSection
EndGlobal
